
Microsoft Visual Studio Solution File, Format Version 12.00
# Visual Studio Version 17
VisualStudioVersion = 17.0.31903.59
MinimumVisualStudioVersion = 10.0.40219.1
Project("{FAE04EC0-301F-11D3-BF4B-00C04F79EFBC}") = "EventPlatform.Contracts", "..\..\BuildingBlocks\EventPlatform.Contracts\EventPlatform.Contracts.csproj", "{3B82896A-C610-4702-AFE8-A9CB073966C7}"
EndProject
Project("{2150E333-8FDC-42A3-9474-1A3956D46DE8}") = "Core", "Core", "{FBF56CC3-7AE6-AD2D-3F14-7F97FD322CD6}"
EndProject
Project("{FAE04EC0-301F-11D3-BF4B-00C04F79EFBC}") = "NotificationService.Domain", "Core\NotificationService.Domain\NotificationService.Domain.csproj", "{6869485E-04BD-417C-97B9-48803FF6A17B}"
EndProject
Project("{FAE04EC0-301F-11D3-BF4B-00C04F79EFBC}") = "NotificationService.Application", "Core\NotificationService.Application\NotificationService.Application.csproj", "{8991A003-D83D-47BE-8BC2-1F18319E3E8F}"
EndProject
Project("{FAE04EC0-301F-11D3-BF4B-00C04F79EFBC}") = "NotificationService.Infrastructure", "Infrastructure\NotificationService.Infrastructure\NotificationService.Infrastructure.csproj", "{EBD6B1DD-1255-43CB-AE23-9EAA7122F1B3}"
EndProject
Project("{FAE04EC0-301F-11D3-BF4B-00C04F79EFBC}") = "NotificationService.WebAPI", "Presentation\NotificationService.WebAPI\NotificationService.WebAPI.csproj", "{DFDB1893-A3CD-4138-ADA2-37DE3E6EC5ED}"
EndProject
Global
	GlobalSection(SolutionConfigurationPlatforms) = preSolution
		Debug|Any CPU = Debug|Any CPU
		Debug|x64 = Debug|x64
		Debug|x86 = Debug|x86
		Release|Any CPU = Release|Any CPU
		Release|x64 = Release|x64
		Release|x86 = Release|x86
	EndGlobalSection
	GlobalSection(ProjectConfigurationPlatforms) = postSolution
		{3B82896A-C610-4702-AFE8-A9CB073966C7}.Debug|Any CPU.ActiveCfg = Debug|Any CPU
		{3B82896A-C610-4702-AFE8-A9CB073966C7}.Debug|Any CPU.Build.0 = Debug|Any CPU
		{3B82896A-C610-4702-AFE8-A9CB073966C7}.Debug|x64.ActiveCfg = Debug|Any CPU
		{3B82896A-C610-4702-AFE8-A9CB073966C7}.Debug|x64.Build.0 = Debug|Any CPU
		{3B82896A-C610-4702-AFE8-A9CB073966C7}.Debug|x86.ActiveCfg = Debug|Any CPU
		{3B82896A-C610-4702-AFE8-A9CB073966C7}.Debug|x86.Build.0 = Debug|Any CPU
		{3B82896A-C610-4702-AFE8-A9CB073966C7}.Release|Any CPU.ActiveCfg = Release|Any CPU
		{3B82896A-C610-4702-AFE8-A9CB073966C7}.Release|Any CPU.Build.0 = Release|Any CPU
		{3B82896A-C610-4702-AFE8-A9CB073966C7}.Release|x64.ActiveCfg = Release|Any CPU
		{3B82896A-C610-4702-AFE8-A9CB073966C7}.Release|x64.Build.0 = Release|Any CPU
		{3B82896A-C610-4702-AFE8-A9CB073966C7}.Release|x86.ActiveCfg = Release|Any CPU
		{3B82896A-C610-4702-AFE8-A9CB073966C7}.Release|x86.Build.0 = Release|Any CPU
		{6869485E-04BD-417C-97B9-48803FF6A17B}.Debug|Any CPU.ActiveCfg = Debug|Any CPU
		{6869485E-04BD-417C-97B9-48803FF6A17B}.Debug|Any CPU.Build.0 = Debug|Any CPU
		{6869485E-04BD-417C-97B9-48803FF6A17B}.Debug|x64.ActiveCfg = Debug|Any CPU
		{6869485E-04BD-417C-97B9-48803FF6A17B}.Debug|x64.Build.0 = Debug|Any CPU
		{6869485E-04BD-417C-97B9-48803FF6A17B}.Debug|x86.ActiveCfg = Debug|Any CPU
		{6869485E-04BD-417C-97B9-48803FF6A17B}.Debug|x86.Build.0 = Debug|Any CPU
		{6869485E-04BD-417C-97B9-48803FF6A17B}.Release|Any CPU.ActiveCfg = Release|Any CPU
		{6869485E-04BD-417C-97B9-48803FF6A17B}.Release|Any CPU.Build.0 = Release|Any CPU
		{6869485E-04BD-417C-97B9-48803FF6A17B}.Release|x64.ActiveCfg = Release|Any CPU
		{6869485E-04BD-417C-97B9-48803FF6A17B}.Release|x64.Build.0 = Release|Any CPU
		{6869485E-04BD-417C-97B9-48803FF6A17B}.Release|x86.ActiveCfg = Release|Any CPU
		{6869485E-04BD-417C-97B9-48803FF6A17B}.Release|x86.Build.0 = Release|Any CPU
		{8991A003-D83D-47BE-8BC2-1F18319E3E8F}.Debug|Any CPU.ActiveCfg = Debug|Any CPU
		{8991A003-D83D-47BE-8BC2-1F18319E3E8F}.Debug|Any CPU.Build.0 = Debug|Any CPU
		{8991A003-D83D-47BE-8BC2-1F18319E3E8F}.Debug|x64.ActiveCfg = Debug|Any CPU
		{8991A003-D83D-47BE-8BC2-1F18319E3E8F}.Debug|x64.Build.0 = Debug|Any CPU
		{8991A003-D83D-47BE-8BC2-1F18319E3E8F}.Debug|x86.ActiveCfg = Debug|Any CPU
		{8991A003-D83D-47BE-8BC2-1F18319E3E8F}.Debug|x86.Build.0 = Debug|Any CPU
		{8991A003-D83D-47BE-8BC2-1F18319E3E8F}.Release|Any CPU.ActiveCfg = Release|Any CPU
		{8991A003-D83D-47BE-8BC2-1F18319E3E8F}.Release|Any CPU.Build.0 = Release|Any CPU
		{8991A003-D83D-47BE-8BC2-1F18319E3E8F}.Release|x64.ActiveCfg = Release|Any CPU
		{8991A003-D83D-47BE-8BC2-1F18319E3E8F}.Release|x64.Build.0 = Release|Any CPU
		{8991A003-D83D-47BE-8BC2-1F18319E3E8F}.Release|x86.ActiveCfg = Release|Any CPU
		{8991A003-D83D-47BE-8BC2-1F18319E3E8F}.Release|x86.Build.0 = Release|Any CPU
		{EBD6B1DD-1255-43CB-AE23-9EAA7122F1B3}.Debug|Any CPU.ActiveCfg = Debug|Any CPU
		{EBD6B1DD-1255-43CB-AE23-9EAA7122F1B3}.Debug|Any CPU.Build.0 = Debug|Any CPU
		{EBD6B1DD-1255-43CB-AE23-9EAA7122F1B3}.Debug|x64.ActiveCfg = Debug|Any CPU
		{EBD6B1DD-1255-43CB-AE23-9EAA7122F1B3}.Debug|x64.Build.0 = Debug|Any CPU
		{EBD6B1DD-1255-43CB-AE23-9EAA7122F1B3}.Debug|x86.ActiveCfg = Debug|Any CPU
		{EBD6B1DD-1255-43CB-AE23-9EAA7122F1B3}.Debug|x86.Build.0 = Debug|Any CPU
		{EBD6B1DD-1255-43CB-AE23-9EAA7122F1B3}.Release|Any CPU.ActiveCfg = Release|Any CPU
		{EBD6B1DD-1255-43CB-AE23-9EAA7122F1B3}.Release|Any CPU.Build.0 = Release|Any CPU
		{EBD6B1DD-1255-43CB-AE23-9EAA7122F1B3}.Release|x64.ActiveCfg = Release|Any CPU
		{EBD6B1DD-1255-43CB-AE23-9EAA7122F1B3}.Release|x64.Build.0 = Release|Any CPU
		{EBD6B1DD-1255-43CB-AE23-9EAA7122F1B3}.Release|x86.ActiveCfg = Release|Any CPU
		{EBD6B1DD-1255-43CB-AE23-9EAA7122F1B3}.Release|x86.Build.0 = Release|Any CPU
		{DFDB1893-A3CD-4138-ADA2-37DE3E6EC5ED}.Debug|Any CPU.ActiveCfg = Debug|Any CPU
		{DFDB1893-A3CD-4138-ADA2-37DE3E6EC5ED}.Debug|Any CPU.Build.0 = Debug|Any CPU
		{DFDB1893-A3CD-4138-ADA2-37DE3E6EC5ED}.Debug|x64.ActiveCfg = Debug|Any CPU
		{DFDB1893-A3CD-4138-ADA2-37DE3E6EC5ED}.Debug|x64.Build.0 = Debug|Any CPU
		{DFDB1893-A3CD-4138-ADA2-37DE3E6EC5ED}.Debug|x86.ActiveCfg = Debug|Any CPU
		{DFDB1893-A3CD-4138-ADA2-37DE3E6EC5ED}.Debug|x86.Build.0 = Debug|Any CPU
		{DFDB1893-A3CD-4138-ADA2-37DE3E6EC5ED}.Release|Any CPU.ActiveCfg = Release|Any CPU
		{DFDB1893-A3CD-4138-ADA2-37DE3E6EC5ED}.Release|Any CPU.Build.0 = Release|Any CPU
		{DFDB1893-A3CD-4138-ADA2-37DE3E6EC5ED}.Release|x64.ActiveCfg = Release|Any CPU
		{DFDB1893-A3CD-4138-ADA2-37DE3E6EC5ED}.Release|x64.Build.0 = Release|Any CPU
		{DFDB1893-A3CD-4138-ADA2-37DE3E6EC5ED}.Release|x86.ActiveCfg = Release|Any CPU
		{DFDB1893-A3CD-4138-ADA2-37DE3E6EC5ED}.Release|x86.Build.0 = Release|Any CPU
	EndGlobalSection
	GlobalSection(SolutionProperties) = preSolution
		HideSolutionNode = FALSE
	EndGlobalSection
	GlobalSection(NestedProjects) = preSolution
		{6869485E-04BD-417C-97B9-48803FF6A17B} = {FBF56CC3-7AE6-AD2D-3F14-7F97FD322CD6}
		{8991A003-D83D-47BE-8BC2-1F18319E3E8F} = {FBF56CC3-7AE6-AD2D-3F14-7F97FD322CD6}
		{EBD6B1DD-1255-43CB-AE23-9EAA7122F1B3} = {FBF56CC3-7AE6-AD2D-3F14-7F97FD322CD6}
		{DFDB1893-A3CD-4138-ADA2-37DE3E6EC5ED} = {FBF56CC3-7AE6-AD2D-3F14-7F97FD322CD6}
	EndGlobalSection
EndGlobal
